
Microsoft Visual Studio Solution File, Format Version 12.00
# Visual Studio Version 16
VisualStudioVersion = 16.0.30503.244
MinimumVisualStudioVersion = 10.0.40219.1
Project("{FAE04EC0-301F-11D3-BF4B-00C04F79EFBC}") = "Assigment1_5101B_WafaMustafa_N01450753", "Assigment1_5101B_WafaMustafa_N01450753\Assigment1_5101B_WafaMustafa_N01450753.csproj", "{FF7E7C2D-86FA-49AA-9ADD-B97E1820CC97}"
EndProject
Global
	GlobalSection(SolutionConfigurationPlatforms) = preSolution
		Debug|Any CPU = Debug|Any CPU
		Release|Any CPU = Release|Any CPU
	EndGlobalSection
	GlobalSection(ProjectConfigurationPlatforms) = postSolution
		{FF7E7C2D-86FA-49AA-9ADD-B97E1820CC97}.Debug|Any CPU.ActiveCfg = Debug|Any CPU
		{FF7E7C2D-86FA-49AA-9ADD-B97E1820CC97}.Debug|Any CPU.Build.0 = Debug|Any CPU
		{FF7E7C2D-86FA-49AA-9ADD-B97E1820CC97}.Release|Any CPU.ActiveCfg = Release|Any CPU
		{FF7E7C2D-86FA-49AA-9ADD-B97E1820CC97}.Release|Any CPU.Build.0 = Release|Any CPU
	EndGlobalSection
	GlobalSection(SolutionProperties) = preSolution
		HideSolutionNode = FALSE
	EndGlobalSection
	GlobalSection(ExtensibilityGlobals) = postSolution
		SolutionGuid = {479DEC6A-CEFB-48F8-A809-526283E24059}
	EndGlobalSection
EndGlobal
